
Microsoft Visual Studio Solution File, Format Version 12.00
# Visual Studio 2013
VisualStudioVersion = 12.0.30723.0
MinimumVisualStudioVersion = 10.0.40219.1
Project("{FAE04EC0-301F-11D3-BF4B-00C04F79EFBC}") = "A1", "A1\A1.csproj", "{E0CEFE6C-75C6-430A-A055-BFEF24827D16}"
EndProject
Project("{FAE04EC0-301F-11D3-BF4B-00C04F79EFBC}") = "A2", "A2\A2.csproj", "{ACC3E182-96EE-4109-B357-C3F9B1D7A2AA}"
EndProject
Project("{FAE04EC0-301F-11D3-BF4B-00C04F79EFBC}") = "A3", "A3\A3.csproj", "{88CC3AAF-2EB1-4FA2-AF85-7779242F5F19}"
EndProject
Project("{FF286327-C783-4F7A-AB73-9BCBAD0D4460}") = "A.nuget", "A.nuget\A.nuget.nuproj", "{3D517AB5-457A-4A53-ADBF-5FB37DE1FAF5}"
EndProject
Global
	GlobalSection(SolutionConfigurationPlatforms) = preSolution
		Debug|Any CPU = Debug|Any CPU
		Release|Any CPU = Release|Any CPU
	EndGlobalSection
	GlobalSection(ProjectConfigurationPlatforms) = postSolution
		{E0CEFE6C-75C6-430A-A055-BFEF24827D16}.Debug|Any CPU.ActiveCfg = Debug|Any CPU
		{E0CEFE6C-75C6-430A-A055-BFEF24827D16}.Debug|Any CPU.Build.0 = Debug|Any CPU
		{E0CEFE6C-75C6-430A-A055-BFEF24827D16}.Release|Any CPU.ActiveCfg = Release|Any CPU
		{E0CEFE6C-75C6-430A-A055-BFEF24827D16}.Release|Any CPU.Build.0 = Release|Any CPU
		{ACC3E182-96EE-4109-B357-C3F9B1D7A2AA}.Debug|Any CPU.ActiveCfg = Debug|Any CPU
		{ACC3E182-96EE-4109-B357-C3F9B1D7A2AA}.Debug|Any CPU.Build.0 = Debug|Any CPU
		{ACC3E182-96EE-4109-B357-C3F9B1D7A2AA}.Release|Any CPU.ActiveCfg = Release|Any CPU
		{ACC3E182-96EE-4109-B357-C3F9B1D7A2AA}.Release|Any CPU.Build.0 = Release|Any CPU
		{88CC3AAF-2EB1-4FA2-AF85-7779242F5F19}.Debug|Any CPU.ActiveCfg = Debug|Any CPU
		{88CC3AAF-2EB1-4FA2-AF85-7779242F5F19}.Debug|Any CPU.Build.0 = Debug|Any CPU
		{88CC3AAF-2EB1-4FA2-AF85-7779242F5F19}.Release|Any CPU.ActiveCfg = Release|Any CPU
		{88CC3AAF-2EB1-4FA2-AF85-7779242F5F19}.Release|Any CPU.Build.0 = Release|Any CPU
		{3D517AB5-457A-4A53-ADBF-5FB37DE1FAF5}.Debug|Any CPU.ActiveCfg = Debug|Any CPU
		{3D517AB5-457A-4A53-ADBF-5FB37DE1FAF5}.Debug|Any CPU.Build.0 = Debug|Any CPU
		{3D517AB5-457A-4A53-ADBF-5FB37DE1FAF5}.Release|Any CPU.ActiveCfg = Release|Any CPU
		{3D517AB5-457A-4A53-ADBF-5FB37DE1FAF5}.Release|Any CPU.Build.0 = Release|Any CPU
	EndGlobalSection
	GlobalSection(SolutionProperties) = preSolution
		HideSolutionNode = FALSE
	EndGlobalSection
EndGlobal
