
Microsoft Visual Studio Solution File, Format Version 12.00
# Visual Studio 2013
VisualStudioVersion = 12.0.30723.0
MinimumVisualStudioVersion = 10.0.40219.1
Project("{FAE04EC0-301F-11D3-BF4B-00C04F79EFBC}") = "ClassLibrary1", "ClassLibrary1\ClassLibrary1.csproj", "{347A8F2E-3270-47BA-A9FC-B39C8395AA26}"
EndProject
Project("{FF286327-C783-4F7A-AB73-9BCBAD0D4460}") = "ClassLibrary.NuGet", "ClassLibrary.NuGet\ClassLibrary.NuGet.nuproj", "{63F646DA-3685-4614-9D89-0425C41C571E}"
EndProject
Project("{FAE04EC0-301F-11D3-BF4B-00C04F79EFBC}") = "ClassLibrary2", "ClassLibrary2\ClassLibrary2.csproj", "{246715ED-4D70-45FD-BD43-30D118D9F676}"
EndProject
Global
	GlobalSection(SolutionConfigurationPlatforms) = preSolution
		Debug|Any CPU = Debug|Any CPU
		Release|Any CPU = Release|Any CPU
	EndGlobalSection
	GlobalSection(ProjectConfigurationPlatforms) = postSolution
		{347A8F2E-3270-47BA-A9FC-B39C8395AA26}.Debug|Any CPU.ActiveCfg = Debug|Any CPU
		{347A8F2E-3270-47BA-A9FC-B39C8395AA26}.Debug|Any CPU.Build.0 = Debug|Any CPU
		{347A8F2E-3270-47BA-A9FC-B39C8395AA26}.Release|Any CPU.ActiveCfg = Release|Any CPU
		{347A8F2E-3270-47BA-A9FC-B39C8395AA26}.Release|Any CPU.Build.0 = Release|Any CPU
		{63F646DA-3685-4614-9D89-0425C41C571E}.Debug|Any CPU.ActiveCfg = Debug|Any CPU
		{63F646DA-3685-4614-9D89-0425C41C571E}.Debug|Any CPU.Build.0 = Debug|Any CPU
		{63F646DA-3685-4614-9D89-0425C41C571E}.Release|Any CPU.ActiveCfg = Release|Any CPU
		{63F646DA-3685-4614-9D89-0425C41C571E}.Release|Any CPU.Build.0 = Release|Any CPU
		{246715ED-4D70-45FD-BD43-30D118D9F676}.Debug|Any CPU.ActiveCfg = Debug|Any CPU
		{246715ED-4D70-45FD-BD43-30D118D9F676}.Debug|Any CPU.Build.0 = Debug|Any CPU
		{246715ED-4D70-45FD-BD43-30D118D9F676}.Release|Any CPU.ActiveCfg = Release|Any CPU
		{246715ED-4D70-45FD-BD43-30D118D9F676}.Release|Any CPU.Build.0 = Release|Any CPU
	EndGlobalSection
	GlobalSection(SolutionProperties) = preSolution
		HideSolutionNode = FALSE
	EndGlobalSection
EndGlobal
