
Microsoft Visual Studio Solution File, Format Version 12.00
# Visual Studio 14
VisualStudioVersion = 14.0.22820.0
MinimumVisualStudioVersion = 10.0.40219.1
Project("{FAE04EC0-301F-11D3-BF4B-00C04F79EFBC}") = "ClassLibrary1", "ClassLibrary1\ClassLibrary1.csproj", "{FA979B8A-2000-4D06-BF5B-8130CD53A4ED}"
EndProject
Project("{FF286327-C783-4F7A-AB73-9BCBAD0D4460}") = "NuGetPackage1", "NuGetPackage1\NuGetPackage1.nuproj", "{7B6299FA-452E-43D1-8B29-210EDCCC66AE}"
EndProject
Global
	GlobalSection(SolutionConfigurationPlatforms) = preSolution
		Debug|Any CPU = Debug|Any CPU
		Release|Any CPU = Release|Any CPU
	EndGlobalSection
	GlobalSection(ProjectConfigurationPlatforms) = postSolution
		{FA979B8A-2000-4D06-BF5B-8130CD53A4ED}.Debug|Any CPU.ActiveCfg = Debug|Any CPU
		{FA979B8A-2000-4D06-BF5B-8130CD53A4ED}.Debug|Any CPU.Build.0 = Debug|Any CPU
		{FA979B8A-2000-4D06-BF5B-8130CD53A4ED}.Release|Any CPU.ActiveCfg = Release|Any CPU
		{FA979B8A-2000-4D06-BF5B-8130CD53A4ED}.Release|Any CPU.Build.0 = Release|Any CPU
		{7B6299FA-452E-43D1-8B29-210EDCCC66AE}.Debug|Any CPU.ActiveCfg = Debug|Any CPU
		{7B6299FA-452E-43D1-8B29-210EDCCC66AE}.Debug|Any CPU.Build.0 = Debug|Any CPU
		{7B6299FA-452E-43D1-8B29-210EDCCC66AE}.Release|Any CPU.ActiveCfg = Release|Any CPU
		{7B6299FA-452E-43D1-8B29-210EDCCC66AE}.Release|Any CPU.Build.0 = Release|Any CPU
	EndGlobalSection
	GlobalSection(SolutionProperties) = preSolution
		HideSolutionNode = FALSE
	EndGlobalSection
EndGlobal
