
Microsoft Visual Studio Solution File, Format Version 12.00
# Visual Studio 14
VisualStudioVersion = 14.0.23107.0
MinimumVisualStudioVersion = 10.0.40219.1
Project("{FF286327-C783-4F7A-AB73-9BCBAD0D4460}") = "Package", "Package\Package.nuproj", "{B38444C3-BADF-45BA-9866-BD9E501A8FD4}"
EndProject
Project("{FAE04EC0-301F-11D3-BF4B-00C04F79EFBC}") = "ClassLibrary", "ClassLibrary\ClassLibrary.csproj", "{BA85C03A-CBDF-4DF5-9027-8CF085D59765}"
EndProject
Global
	GlobalSection(SolutionConfigurationPlatforms) = preSolution
		Debug|Any CPU = Debug|Any CPU
		Release|Any CPU = Release|Any CPU
	EndGlobalSection
	GlobalSection(ProjectConfigurationPlatforms) = postSolution
		{B38444C3-BADF-45BA-9866-BD9E501A8FD4}.Debug|Any CPU.ActiveCfg = Debug|Any CPU
		{B38444C3-BADF-45BA-9866-BD9E501A8FD4}.Debug|Any CPU.Build.0 = Debug|Any CPU
		{B38444C3-BADF-45BA-9866-BD9E501A8FD4}.Release|Any CPU.ActiveCfg = Release|Any CPU
		{B38444C3-BADF-45BA-9866-BD9E501A8FD4}.Release|Any CPU.Build.0 = Release|Any CPU
		{BA85C03A-CBDF-4DF5-9027-8CF085D59765}.Debug|Any CPU.ActiveCfg = Debug|Any CPU
		{BA85C03A-CBDF-4DF5-9027-8CF085D59765}.Debug|Any CPU.Build.0 = Debug|Any CPU
		{BA85C03A-CBDF-4DF5-9027-8CF085D59765}.Release|Any CPU.ActiveCfg = Release|Any CPU
		{BA85C03A-CBDF-4DF5-9027-8CF085D59765}.Release|Any CPU.Build.0 = Release|Any CPU
	EndGlobalSection
	GlobalSection(SolutionProperties) = preSolution
		HideSolutionNode = FALSE
	EndGlobalSection
EndGlobal
