
Microsoft Visual Studio Solution File, Format Version 12.00
# Visual Studio 14
VisualStudioVersion = 14.0.23107.0
MinimumVisualStudioVersion = 10.0.40219.1
Project("{FF286327-C783-4F7A-AB73-9BCBAD0D4460}") = "Test", "Test\Test.nuproj", "{7583EAA4-FA83-402C-AB48-C517BE9FBA25}"
EndProject
Project("{FAE04EC0-301F-11D3-BF4B-00C04F79EFBC}") = "TestLibrary", "TestLibrary\TestLibrary.csproj", "{F3C65D43-63D4-44D8-88F4-2986C1F6566B}"
EndProject
Global
	GlobalSection(SolutionConfigurationPlatforms) = preSolution
		Debug|Any CPU = Debug|Any CPU
		Release|Any CPU = Release|Any CPU
	EndGlobalSection
	GlobalSection(ProjectConfigurationPlatforms) = postSolution
		{7583EAA4-FA83-402C-AB48-C517BE9FBA25}.Debug|Any CPU.ActiveCfg = Debug|Any CPU
		{7583EAA4-FA83-402C-AB48-C517BE9FBA25}.Debug|Any CPU.Build.0 = Debug|Any CPU
		{7583EAA4-FA83-402C-AB48-C517BE9FBA25}.Release|Any CPU.ActiveCfg = Release|Any CPU
		{7583EAA4-FA83-402C-AB48-C517BE9FBA25}.Release|Any CPU.Build.0 = Release|Any CPU
		{F3C65D43-63D4-44D8-88F4-2986C1F6566B}.Debug|Any CPU.ActiveCfg = Debug|Any CPU
		{F3C65D43-63D4-44D8-88F4-2986C1F6566B}.Debug|Any CPU.Build.0 = Debug|Any CPU
		{F3C65D43-63D4-44D8-88F4-2986C1F6566B}.Release|Any CPU.ActiveCfg = Release|Any CPU
		{F3C65D43-63D4-44D8-88F4-2986C1F6566B}.Release|Any CPU.Build.0 = Release|Any CPU
	EndGlobalSection
	GlobalSection(SolutionProperties) = preSolution
		HideSolutionNode = FALSE
	EndGlobalSection
EndGlobal
