
Microsoft Visual Studio Solution File, Format Version 12.00
# Visual Studio 2013
VisualStudioVersion = 12.0.31101.0
MinimumVisualStudioVersion = 10.0.40219.1
Project("{FF286327-C783-4F7A-AB73-9BCBAD0D4460}") = "Package", "Package\Package.nuproj", "{FE511881-E78A-4747-8551-AEC9FA879800}"
EndProject
Global
	GlobalSection(SolutionConfigurationPlatforms) = preSolution
		Debug|Any CPU = Debug|Any CPU
		Release|Any CPU = Release|Any CPU
	EndGlobalSection
	GlobalSection(ProjectConfigurationPlatforms) = postSolution
		{FE511881-E78A-4747-8551-AEC9FA879800}.Debug|Any CPU.ActiveCfg = Debug|Any CPU
		{FE511881-E78A-4747-8551-AEC9FA879800}.Debug|Any CPU.Build.0 = Debug|Any CPU
		{FE511881-E78A-4747-8551-AEC9FA879800}.Release|Any CPU.ActiveCfg = Release|Any CPU
		{FE511881-E78A-4747-8551-AEC9FA879800}.Release|Any CPU.Build.0 = Release|Any CPU
	EndGlobalSection
	GlobalSection(SolutionProperties) = preSolution
		HideSolutionNode = FALSE
	EndGlobalSection
EndGlobal
