
Microsoft Visual Studio Solution File, Format Version 12.00
# Visual Studio 2013
VisualStudioVersion = 12.0.30723.0
MinimumVisualStudioVersion = 10.0.40219.1
Project("{FAE04EC0-301F-11D3-BF4B-00C04F79EFBC}") = "ClassLibrary", "ClassLibrary\ClassLibrary.csproj", "{FEE2829C-B9D6-4E3C-8E46-45B9EFCDEA80}"
EndProject
Project("{FF286327-C783-4F7A-AB73-9BCBAD0D4460}") = "NuGetPackage", "NuGetPackage\NuGetPackage.nuproj", "{5193E1CF-6399-4BD7-992D-8A3AB85B9570}"
EndProject
Project("{FF286327-C783-4F7A-AB73-9BCBAD0D4460}") = "NuGetDependency", "NuGetDependency\NuGetDependency.nuproj", "{10CA3460-7243-44D0-A0BC-D3C6824108B0}"
EndProject
Global
	GlobalSection(SolutionConfigurationPlatforms) = preSolution
		Debug|Any CPU = Debug|Any CPU
		Release|Any CPU = Release|Any CPU
	EndGlobalSection
	GlobalSection(ProjectConfigurationPlatforms) = postSolution
		{FEE2829C-B9D6-4E3C-8E46-45B9EFCDEA80}.Debug|Any CPU.ActiveCfg = Debug|Any CPU
		{FEE2829C-B9D6-4E3C-8E46-45B9EFCDEA80}.Debug|Any CPU.Build.0 = Debug|Any CPU
		{FEE2829C-B9D6-4E3C-8E46-45B9EFCDEA80}.Release|Any CPU.ActiveCfg = Release|Any CPU
		{FEE2829C-B9D6-4E3C-8E46-45B9EFCDEA80}.Release|Any CPU.Build.0 = Release|Any CPU
		{5193E1CF-6399-4BD7-992D-8A3AB85B9570}.Debug|Any CPU.ActiveCfg = Debug|Any CPU
		{5193E1CF-6399-4BD7-992D-8A3AB85B9570}.Debug|Any CPU.Build.0 = Debug|Any CPU
		{5193E1CF-6399-4BD7-992D-8A3AB85B9570}.Release|Any CPU.ActiveCfg = Release|Any CPU
		{5193E1CF-6399-4BD7-992D-8A3AB85B9570}.Release|Any CPU.Build.0 = Release|Any CPU
		{10CA3460-7243-44D0-A0BC-D3C6824108B0}.Debug|Any CPU.ActiveCfg = Debug|Any CPU
		{10CA3460-7243-44D0-A0BC-D3C6824108B0}.Debug|Any CPU.Build.0 = Debug|Any CPU
		{10CA3460-7243-44D0-A0BC-D3C6824108B0}.Release|Any CPU.ActiveCfg = Release|Any CPU
		{10CA3460-7243-44D0-A0BC-D3C6824108B0}.Release|Any CPU.Build.0 = Release|Any CPU
	EndGlobalSection
	GlobalSection(SolutionProperties) = preSolution
		HideSolutionNode = FALSE
	EndGlobalSection
EndGlobal
