
Microsoft Visual Studio Solution File, Format Version 12.00
# Visual Studio 14
VisualStudioVersion = 14.0.23107.0
MinimumVisualStudioVersion = 10.0.40219.1
Project("{FAE04EC0-301F-11D3-BF4B-00C04F79EFBC}") = "NuProj.Tasks", "NuProj.Tasks\NuProj.Tasks.csproj", "{187C3685-1EC7-4DCE-933B-8F7A43D5A481}"
EndProject
Project("{930C7802-8A8C-48F9-8165-68863BCCD9DD}") = "NuProj.Setup", "NuProj.Setup\NuProj.Setup.wixproj", "{30DB7389-4D8A-4106-88FA-1079F2B08CD6}"
EndProject
Project("{FAE04EC0-301F-11D3-BF4B-00C04F79EFBC}") = "NuProj.Build", "NuProj.Build\NuProj.Build.csproj", "{516B545B-D897-449F-A6BD-49D696ED264A}"
EndProject
Project("{FAE04EC0-301F-11D3-BF4B-00C04F79EFBC}") = "NuProj.ProjectSystem.12", "NuProj.ProjectSystem.12\NuProj.ProjectSystem.12.csproj", "{3C115530-0FB2-47B6-A6D5-9EB33611A394}"
EndProject
Project("{FAE04EC0-301F-11D3-BF4B-00C04F79EFBC}") = "NuProj.Tests", "NuProj.Tests\NuProj.Tests.csproj", "{030AA9EA-E489-4EFC-8C7C-D05D343FC297}"
EndProject
Project("{2150E333-8FDC-42A3-9474-1A3956D46DE8}") = ".nuget", ".nuget", "{6C40964E-9032-4C9B-B990-DA82BAE2DB89}"
	ProjectSection(SolutionItems) = preProject
		.nuget\packages.config = .nuget\packages.config
	EndProjectSection
EndProject
Project("{2150E333-8FDC-42A3-9474-1A3956D46DE8}") = "Targets", "Targets", "{B990C73A-43DF-45E0-B616-5DBA2D2060F3}"
	ProjectSection(SolutionItems) = preProject
		NuProj.Targets\Microsoft.Common.NuProj.targets = NuProj.Targets\Microsoft.Common.NuProj.targets
		NuProj.Targets\NuProj.props = NuProj.Targets\NuProj.props
		NuProj.Targets\NuProj.targets = NuProj.Targets\NuProj.targets
	EndProjectSection
EndProject
Project("{FAE04EC0-301F-11D3-BF4B-00C04F79EFBC}") = "NuProj.ProjectSystem.14", "NuProj.ProjectSystem.14\NuProj.ProjectSystem.14.csproj", "{F75DC9FD-CC16-4F24-A054-BD27DFFF885C}"
EndProject
Global
	GlobalSection(SolutionConfigurationPlatforms) = preSolution
		Debug|Any CPU = Debug|Any CPU
		Debug|Mixed Platforms = Debug|Mixed Platforms
		Release|Any CPU = Release|Any CPU
		Release|Mixed Platforms = Release|Mixed Platforms
	EndGlobalSection
	GlobalSection(ProjectConfigurationPlatforms) = postSolution
		{187C3685-1EC7-4DCE-933B-8F7A43D5A481}.Debug|Any CPU.ActiveCfg = Debug|Any CPU
		{187C3685-1EC7-4DCE-933B-8F7A43D5A481}.Debug|Any CPU.Build.0 = Debug|Any CPU
		{187C3685-1EC7-4DCE-933B-8F7A43D5A481}.Debug|Mixed Platforms.ActiveCfg = Debug|Any CPU
		{187C3685-1EC7-4DCE-933B-8F7A43D5A481}.Debug|Mixed Platforms.Build.0 = Debug|Any CPU
		{187C3685-1EC7-4DCE-933B-8F7A43D5A481}.Release|Any CPU.ActiveCfg = Release|Any CPU
		{187C3685-1EC7-4DCE-933B-8F7A43D5A481}.Release|Any CPU.Build.0 = Release|Any CPU
		{187C3685-1EC7-4DCE-933B-8F7A43D5A481}.Release|Mixed Platforms.ActiveCfg = Release|Any CPU
		{187C3685-1EC7-4DCE-933B-8F7A43D5A481}.Release|Mixed Platforms.Build.0 = Release|Any CPU
		{30DB7389-4D8A-4106-88FA-1079F2B08CD6}.Debug|Any CPU.ActiveCfg = Debug|x86
		{30DB7389-4D8A-4106-88FA-1079F2B08CD6}.Debug|Any CPU.Build.0 = Debug|x86
		{30DB7389-4D8A-4106-88FA-1079F2B08CD6}.Debug|Mixed Platforms.ActiveCfg = Debug|x86
		{30DB7389-4D8A-4106-88FA-1079F2B08CD6}.Debug|Mixed Platforms.Build.0 = Debug|x86
		{30DB7389-4D8A-4106-88FA-1079F2B08CD6}.Release|Any CPU.ActiveCfg = Release|x86
		{30DB7389-4D8A-4106-88FA-1079F2B08CD6}.Release|Any CPU.Build.0 = Release|x86
		{30DB7389-4D8A-4106-88FA-1079F2B08CD6}.Release|Mixed Platforms.ActiveCfg = Release|x86
		{30DB7389-4D8A-4106-88FA-1079F2B08CD6}.Release|Mixed Platforms.Build.0 = Release|x86
		{516B545B-D897-449F-A6BD-49D696ED264A}.Debug|Any CPU.ActiveCfg = Debug|Any CPU
		{516B545B-D897-449F-A6BD-49D696ED264A}.Debug|Any CPU.Build.0 = Debug|Any CPU
		{516B545B-D897-449F-A6BD-49D696ED264A}.Debug|Mixed Platforms.ActiveCfg = Debug|Any CPU
		{516B545B-D897-449F-A6BD-49D696ED264A}.Debug|Mixed Platforms.Build.0 = Debug|Any CPU
		{516B545B-D897-449F-A6BD-49D696ED264A}.Release|Any CPU.ActiveCfg = Release|Any CPU
		{516B545B-D897-449F-A6BD-49D696ED264A}.Release|Any CPU.Build.0 = Release|Any CPU
		{516B545B-D897-449F-A6BD-49D696ED264A}.Release|Mixed Platforms.ActiveCfg = Release|Any CPU
		{516B545B-D897-449F-A6BD-49D696ED264A}.Release|Mixed Platforms.Build.0 = Release|Any CPU
		{3C115530-0FB2-47B6-A6D5-9EB33611A394}.Debug|Any CPU.ActiveCfg = Debug|Any CPU
		{3C115530-0FB2-47B6-A6D5-9EB33611A394}.Debug|Any CPU.Build.0 = Debug|Any CPU
		{3C115530-0FB2-47B6-A6D5-9EB33611A394}.Debug|Mixed Platforms.ActiveCfg = Debug|Any CPU
		{3C115530-0FB2-47B6-A6D5-9EB33611A394}.Debug|Mixed Platforms.Build.0 = Debug|Any CPU
		{3C115530-0FB2-47B6-A6D5-9EB33611A394}.Release|Any CPU.ActiveCfg = Release|Any CPU
		{3C115530-0FB2-47B6-A6D5-9EB33611A394}.Release|Any CPU.Build.0 = Release|Any CPU
		{3C115530-0FB2-47B6-A6D5-9EB33611A394}.Release|Mixed Platforms.ActiveCfg = Release|Any CPU
		{3C115530-0FB2-47B6-A6D5-9EB33611A394}.Release|Mixed Platforms.Build.0 = Release|Any CPU
		{030AA9EA-E489-4EFC-8C7C-D05D343FC297}.Debug|Any CPU.ActiveCfg = Debug|Any CPU
		{030AA9EA-E489-4EFC-8C7C-D05D343FC297}.Debug|Any CPU.Build.0 = Debug|Any CPU
		{030AA9EA-E489-4EFC-8C7C-D05D343FC297}.Debug|Mixed Platforms.ActiveCfg = Debug|Any CPU
		{030AA9EA-E489-4EFC-8C7C-D05D343FC297}.Debug|Mixed Platforms.Build.0 = Debug|Any CPU
		{030AA9EA-E489-4EFC-8C7C-D05D343FC297}.Release|Any CPU.ActiveCfg = Release|Any CPU
		{030AA9EA-E489-4EFC-8C7C-D05D343FC297}.Release|Any CPU.Build.0 = Release|Any CPU
		{030AA9EA-E489-4EFC-8C7C-D05D343FC297}.Release|Mixed Platforms.ActiveCfg = Release|Any CPU
		{030AA9EA-E489-4EFC-8C7C-D05D343FC297}.Release|Mixed Platforms.Build.0 = Release|Any CPU
		{F75DC9FD-CC16-4F24-A054-BD27DFFF885C}.Debug|Any CPU.ActiveCfg = Debug|Any CPU
		{F75DC9FD-CC16-4F24-A054-BD27DFFF885C}.Debug|Any CPU.Build.0 = Debug|Any CPU
		{F75DC9FD-CC16-4F24-A054-BD27DFFF885C}.Debug|Mixed Platforms.ActiveCfg = Debug|Any CPU
		{F75DC9FD-CC16-4F24-A054-BD27DFFF885C}.Debug|Mixed Platforms.Build.0 = Debug|Any CPU
		{F75DC9FD-CC16-4F24-A054-BD27DFFF885C}.Release|Any CPU.ActiveCfg = Release|Any CPU
		{F75DC9FD-CC16-4F24-A054-BD27DFFF885C}.Release|Any CPU.Build.0 = Release|Any CPU
		{F75DC9FD-CC16-4F24-A054-BD27DFFF885C}.Release|Mixed Platforms.ActiveCfg = Release|Any CPU
		{F75DC9FD-CC16-4F24-A054-BD27DFFF885C}.Release|Mixed Platforms.Build.0 = Release|Any CPU
	EndGlobalSection
	GlobalSection(SolutionProperties) = preSolution
		HideSolutionNode = FALSE
	EndGlobalSection
EndGlobal
