
Microsoft Visual Studio Solution File, Format Version 12.00
# Visual Studio 2012
Project("{FAE04EC0-301F-11D3-BF4B-00C04F79EFBC}") = "NuProj.Tasks", "NuProj.Tasks\NuProj.Tasks.csproj", "{187C3685-1EC7-4DCE-933B-8F7A43D5A481}"
EndProject
Global
	GlobalSection(SolutionConfigurationPlatforms) = preSolution
		Debug|Any CPU = Debug|Any CPU
		Release|Any CPU = Release|Any CPU
	EndGlobalSection
	GlobalSection(ProjectConfigurationPlatforms) = postSolution
		{187C3685-1EC7-4DCE-933B-8F7A43D5A481}.Debug|Any CPU.ActiveCfg = Debug|Any CPU
		{187C3685-1EC7-4DCE-933B-8F7A43D5A481}.Debug|Any CPU.Build.0 = Debug|Any CPU
		{187C3685-1EC7-4DCE-933B-8F7A43D5A481}.Release|Any CPU.ActiveCfg = Release|Any CPU
		{187C3685-1EC7-4DCE-933B-8F7A43D5A481}.Release|Any CPU.Build.0 = Release|Any CPU
	EndGlobalSection
	GlobalSection(SolutionProperties) = preSolution
		HideSolutionNode = FALSE
	EndGlobalSection
EndGlobal
